
Microsoft Visual Studio Solution File, Format Version 12.00
# Visual Studio Version 17
VisualStudioVersion = 17.0.31903.59
MinimumVisualStudioVersion = 10.0.40219.1
Project("{2150E333-8FDC-42A3-9474-1A3956D46DE8}") = "services", "services", "{5854FF58-B8C5-05C6-5BF2-ACE42193F22B}"
EndProject
Project("{FAE04EC0-301F-11D3-BF4B-00C04F79EFBC}") = "UsersAPI", "services\UsersAPI\UsersAPI.csproj", "{FB10DF30-2C2A-4E93-A5B1-694FBB8C122C}"
EndProject
Project("{2150E333-8FDC-42A3-9474-1A3956D46DE8}") = "contracts", "contracts", "{A73F2606-6D4C-3EEE-1759-0E59DCFEF523}"
EndProject
Project("{FAE04EC0-301F-11D3-BF4B-00C04F79EFBC}") = "FCG.Contracts", "contracts\FCG.Contracts\FCG.Contracts.csproj", "{AD290662-F378-481B-8C29-A828E13ADF1A}"
EndProject
Project("{2150E333-8FDC-42A3-9474-1A3956D46DE8}") = "tests", "tests", "{0AB3BF05-4346-4AA6-1389-037BE0695223}"
EndProject
Project("{FAE04EC0-301F-11D3-BF4B-00C04F79EFBC}") = "UsersAPI.UnitTests", "tests\UsersAPI.UnitTests\UsersAPI.UnitTests.csproj", "{705F4216-C925-429E-803B-BCC278A84598}"
EndProject
Global
	GlobalSection(SolutionConfigurationPlatforms) = preSolution
		Debug|Any CPU = Debug|Any CPU
		Debug|x64 = Debug|x64
		Debug|x86 = Debug|x86
		Release|Any CPU = Release|Any CPU
		Release|x64 = Release|x64
		Release|x86 = Release|x86
	EndGlobalSection
	GlobalSection(ProjectConfigurationPlatforms) = postSolution
		{FB10DF30-2C2A-4E93-A5B1-694FBB8C122C}.Debug|Any CPU.ActiveCfg = Debug|Any CPU
		{FB10DF30-2C2A-4E93-A5B1-694FBB8C122C}.Debug|Any CPU.Build.0 = Debug|Any CPU
		{FB10DF30-2C2A-4E93-A5B1-694FBB8C122C}.Debug|x64.ActiveCfg = Debug|Any CPU
		{FB10DF30-2C2A-4E93-A5B1-694FBB8C122C}.Debug|x64.Build.0 = Debug|Any CPU
		{FB10DF30-2C2A-4E93-A5B1-694FBB8C122C}.Debug|x86.ActiveCfg = Debug|Any CPU
		{FB10DF30-2C2A-4E93-A5B1-694FBB8C122C}.Debug|x86.Build.0 = Debug|Any CPU
		{FB10DF30-2C2A-4E93-A5B1-694FBB8C122C}.Release|Any CPU.ActiveCfg = Release|Any CPU
		{FB10DF30-2C2A-4E93-A5B1-694FBB8C122C}.Release|Any CPU.Build.0 = Release|Any CPU
		{FB10DF30-2C2A-4E93-A5B1-694FBB8C122C}.Release|x64.ActiveCfg = Release|Any CPU
		{FB10DF30-2C2A-4E93-A5B1-694FBB8C122C}.Release|x64.Build.0 = Release|Any CPU
		{FB10DF30-2C2A-4E93-A5B1-694FBB8C122C}.Release|x86.ActiveCfg = Release|Any CPU
		{FB10DF30-2C2A-4E93-A5B1-694FBB8C122C}.Release|x86.Build.0 = Release|Any CPU
		{AD290662-F378-481B-8C29-A828E13ADF1A}.Debug|Any CPU.ActiveCfg = Debug|Any CPU
		{AD290662-F378-481B-8C29-A828E13ADF1A}.Debug|Any CPU.Build.0 = Debug|Any CPU
		{AD290662-F378-481B-8C29-A828E13ADF1A}.Debug|x64.ActiveCfg = Debug|Any CPU
		{AD290662-F378-481B-8C29-A828E13ADF1A}.Debug|x64.Build.0 = Debug|Any CPU
		{AD290662-F378-481B-8C29-A828E13ADF1A}.Debug|x86.ActiveCfg = Debug|Any CPU
		{AD290662-F378-481B-8C29-A828E13ADF1A}.Debug|x86.Build.0 = Debug|Any CPU
		{AD290662-F378-481B-8C29-A828E13ADF1A}.Release|Any CPU.ActiveCfg = Release|Any CPU
		{AD290662-F378-481B-8C29-A828E13ADF1A}.Release|Any CPU.Build.0 = Release|Any CPU
		{AD290662-F378-481B-8C29-A828E13ADF1A}.Release|x64.ActiveCfg = Release|Any CPU
		{AD290662-F378-481B-8C29-A828E13ADF1A}.Release|x64.Build.0 = Release|Any CPU
		{AD290662-F378-481B-8C29-A828E13ADF1A}.Release|x86.ActiveCfg = Release|Any CPU
		{AD290662-F378-481B-8C29-A828E13ADF1A}.Release|x86.Build.0 = Release|Any CPU
		{705F4216-C925-429E-803B-BCC278A84598}.Debug|Any CPU.ActiveCfg = Debug|Any CPU
		{705F4216-C925-429E-803B-BCC278A84598}.Debug|Any CPU.Build.0 = Debug|Any CPU
		{705F4216-C925-429E-803B-BCC278A84598}.Debug|x64.ActiveCfg = Debug|Any CPU
		{705F4216-C925-429E-803B-BCC278A84598}.Debug|x64.Build.0 = Debug|Any CPU
		{705F4216-C925-429E-803B-BCC278A84598}.Debug|x86.ActiveCfg = Debug|Any CPU
		{705F4216-C925-429E-803B-BCC278A84598}.Debug|x86.Build.0 = Debug|Any CPU
		{705F4216-C925-429E-803B-BCC278A84598}.Release|Any CPU.ActiveCfg = Release|Any CPU
		{705F4216-C925-429E-803B-BCC278A84598}.Release|Any CPU.Build.0 = Release|Any CPU
		{705F4216-C925-429E-803B-BCC278A84598}.Release|x64.ActiveCfg = Release|Any CPU
		{705F4216-C925-429E-803B-BCC278A84598}.Release|x64.Build.0 = Release|Any CPU
		{705F4216-C925-429E-803B-BCC278A84598}.Release|x86.ActiveCfg = Release|Any CPU
		{705F4216-C925-429E-803B-BCC278A84598}.Release|x86.Build.0 = Release|Any CPU
	EndGlobalSection
	GlobalSection(SolutionProperties) = preSolution
		HideSolutionNode = FALSE
	EndGlobalSection
	GlobalSection(NestedProjects) = preSolution
		{FB10DF30-2C2A-4E93-A5B1-694FBB8C122C} = {5854FF58-B8C5-05C6-5BF2-ACE42193F22B}
		{AD290662-F378-481B-8C29-A828E13ADF1A} = {A73F2606-6D4C-3EEE-1759-0E59DCFEF523}
		{705F4216-C925-429E-803B-BCC278A84598} = {0AB3BF05-4346-4AA6-1389-037BE0695223}
	EndGlobalSection
EndGlobal
